
Microsoft Visual Studio Solution File, Format Version 12.00
# Visual Studio Version 17
VisualStudioVersion = 17.8.34330.188
MinimumVisualStudioVersion = 10.0.40219.1
Project("{FAE04EC0-301F-11D3-BF4B-00C04F79EFBC}") = "AspNetCoreAngularApp.Server", "AspNetCoreAngularApp.Server\AspNetCoreAngularApp.Server.csproj", "{BE2E2A42-D3EE-45AD-8A34-81E45D06028D}"
EndProject
Project("{54A90642-561A-4BB1-A94E-469ADEE60C69}") = "aspnetcoreangularapp.client", "aspnetcoreangularapp.client\aspnetcoreangularapp.client.esproj", "{960E9778-DA94-4479-AE2B-52AFA9B3D5C1}"
EndProject
Global
	GlobalSection(SolutionConfigurationPlatforms) = preSolution
		Debug|Any CPU = Debug|Any CPU
		Release|Any CPU = Release|Any CPU
	EndGlobalSection
	GlobalSection(ProjectConfigurationPlatforms) = postSolution
		{BE2E2A42-D3EE-45AD-8A34-81E45D06028D}.Debug|Any CPU.ActiveCfg = Debug|Any CPU
		{BE2E2A42-D3EE-45AD-8A34-81E45D06028D}.Debug|Any CPU.Build.0 = Debug|Any CPU
		{BE2E2A42-D3EE-45AD-8A34-81E45D06028D}.Release|Any CPU.ActiveCfg = Release|Any CPU
		{BE2E2A42-D3EE-45AD-8A34-81E45D06028D}.Release|Any CPU.Build.0 = Release|Any CPU
		{960E9778-DA94-4479-AE2B-52AFA9B3D5C1}.Debug|Any CPU.ActiveCfg = Debug|Any CPU
		{960E9778-DA94-4479-AE2B-52AFA9B3D5C1}.Debug|Any CPU.Build.0 = Debug|Any CPU
		{960E9778-DA94-4479-AE2B-52AFA9B3D5C1}.Debug|Any CPU.Deploy.0 = Debug|Any CPU
		{960E9778-DA94-4479-AE2B-52AFA9B3D5C1}.Release|Any CPU.ActiveCfg = Release|Any CPU
		{960E9778-DA94-4479-AE2B-52AFA9B3D5C1}.Release|Any CPU.Build.0 = Release|Any CPU
		{960E9778-DA94-4479-AE2B-52AFA9B3D5C1}.Release|Any CPU.Deploy.0 = Release|Any CPU
	EndGlobalSection
	GlobalSection(SolutionProperties) = preSolution
		HideSolutionNode = FALSE
	EndGlobalSection
	GlobalSection(ExtensibilityGlobals) = postSolution
		SolutionGuid = {9D4A6F8D-12DF-4764-A079-C692AFB5BF31}
	EndGlobalSection
EndGlobal
